
Microsoft Visual Studio Solution File, Format Version 12.00
# Visual Studio Version 17
VisualStudioVersion = 17.9.34616.47
MinimumVisualStudioVersion = 10.0.40219.1
Project("{FAE04EC0-301F-11D3-BF4B-00C04F79EFBC}") = "pomodoro timer", "pomodoro timer.csproj", "{C713E64D-5617-4798-9751-211D940F346D}"
EndProject
Global
	GlobalSection(SolutionConfigurationPlatforms) = preSolution
		Debug|Any CPU = Debug|Any CPU
		Release|Any CPU = Release|Any CPU
	EndGlobalSection
	GlobalSection(ProjectConfigurationPlatforms) = postSolution
		{C713E64D-5617-4798-9751-211D940F346D}.Debug|Any CPU.ActiveCfg = Debug|Any CPU
		{C713E64D-5617-4798-9751-211D940F346D}.Debug|Any CPU.Build.0 = Debug|Any CPU
		{C713E64D-5617-4798-9751-211D940F346D}.Release|Any CPU.ActiveCfg = Release|Any CPU
		{C713E64D-5617-4798-9751-211D940F346D}.Release|Any CPU.Build.0 = Release|Any CPU
	EndGlobalSection
	GlobalSection(SolutionProperties) = preSolution
		HideSolutionNode = FALSE
	EndGlobalSection
	GlobalSection(ExtensibilityGlobals) = postSolution
		SolutionGuid = {8B453CD1-7C8F-40A7-846B-375B3BBF07B5}
	EndGlobalSection
EndGlobal
